// !$*UTF8*$!
{
	archiveVersion = 1;
	classes = {
	};
	objectVersion = 46;
	objects = {

/* Begin PBXBuildFile section */
		0207DA581B56EA530066E2B4 /* Images.xcassets in Resources */ = {isa = PBXBuildFile; fileRef = 0207DA571B56EA530066E2B4 /* Images.xcassets */; };
		08735CCDFC1D416BA7DB9D4A /* CoreMotion.framework in Frameworks */ = {isa = PBXBuildFile; fileRef = 3D1B952C1464447B9CE22D00 /* CoreMotion.framework */; };
		094EE346B28E4DDABF124547 /* EventKit.framework in Frameworks */ = {isa = PBXBuildFile; fileRef = 7855A3D46FBA4F2798124D8B /* EventKit.framework */; };
		1286AE020ACE496CA5C90F9B /* UserNotifications.framework in Frameworks */ = {isa = PBXBuildFile; fileRef = C7F7AA9129CD4E55B0E161E1 /* UserNotifications.framework */; };
		17405030615041D48BB622C4 /* Diagnostic_Notifications.m in Sources */ = {isa = PBXBuildFile; fileRef = 8EA3105C0E27476F890CA03C /* Diagnostic_Notifications.m */; };
		19F1078D2367442F8CF2E89E /* Diagnostic_Contacts.m in Sources */ = {isa = PBXBuildFile; fileRef = D06D71B2499E4BE2BF120204 /* Diagnostic_Contacts.m */; };
		1D3623260D0F684500981E51 /* AppDelegate.m in Sources */ = {isa = PBXBuildFile; fileRef = 1D3623250D0F684500981E51 /* AppDelegate.m */; };
		1D60589B0D05DD56006BFB54 /* main.m in Sources */ = {isa = PBXBuildFile; fileRef = 29B97316FDCFA39411CA2CEA /* main.m */; };
		227390F0CCA94B38B71EBB21 /* Photos.framework in Frameworks */ = {isa = PBXBuildFile; fileRef = 27AF535AC9FF47F1A42FEF95 /* Photos.framework */; };
		301BF552109A68D80062928A /* libCordova.a in Frameworks */ = {isa = PBXBuildFile; fileRef = 301BF535109A57CC0062928A /* libCordova.a */; settings = {ATTRIBUTES = (Required, ); }; };
		302D95F114D2391D003F00A1 /* MainViewController.m in Sources */ = {isa = PBXBuildFile; fileRef = 302D95EF14D2391D003F00A1 /* MainViewController.m */; };
		302D95F214D2391D003F00A1 /* MainViewController.xib in Resources */ = {isa = PBXBuildFile; fileRef = 302D95F014D2391D003F00A1 /* MainViewController.xib */; };
		34DB318DC2E9BE443E0476BC /* Pods_CordovaIntegrationTestApp.framework in Frameworks */ = {isa = PBXBuildFile; fileRef = F5BFF4AF11BFD27E804FABCC /* Pods_CordovaIntegrationTestApp.framework */; };
		49CA72DABD2A423E82D1B7DD /* Diagnostic_Calendar.m in Sources */ = {isa = PBXBuildFile; fileRef = 9C4A30F9BFD34272B0F9ABA2 /* Diagnostic_Calendar.m */; };
		54C676EB2C5F4DA2B52AB156 /* Diagnostic_Wifi.m in Sources */ = {isa = PBXBuildFile; fileRef = 06F48498455F4AF1AAA2C8BD /* Diagnostic_Wifi.m */; };
		5DD812D205604CCDBD32CEDD /* ColocatorWrapper.swift in Sources */ = {isa = PBXBuildFile; fileRef = 275157D5D43F42249BB93406 /* ColocatorWrapper.swift */; };
		6AFF5BF91D6E424B00AB3073 /* CDVLaunchScreen.storyboard in Resources */ = {isa = PBXBuildFile; fileRef = 6AFF5BF81D6E424B00AB3073 /* CDVLaunchScreen.storyboard */; };
		730524BE0750423B8ABAFE94 /* Diagnostic_Motion.m in Sources */ = {isa = PBXBuildFile; fileRef = 9BF6C0239A244EA29D7AF188 /* Diagnostic_Motion.m */; };
		8EBD803A39AC4BC1ABA04228 /* Diagnostic_Reminders.m in Sources */ = {isa = PBXBuildFile; fileRef = 729FFCD1538B49D1B035E0B1 /* Diagnostic_Reminders.m */; };
		92686B4068D6409FB0CAA0B9 /* AVFoundation.framework in Frameworks */ = {isa = PBXBuildFile; fileRef = 24E57D0EC87740008474ECD6 /* AVFoundation.framework */; };
		A3837E03CF3849DCA449D97A /* Diagnostic_Microphone.m in Sources */ = {isa = PBXBuildFile; fileRef = 061BCDB0A4F1429B8C8B724E /* Diagnostic_Microphone.m */; };
		B5622C30D12D4FBABAB47ADE /* CoreBluetooth.framework in Frameworks */ = {isa = PBXBuildFile; fileRef = 8D0C7630E877445A8AED2F71 /* CoreBluetooth.framework */; };
		B7AA7067824A49A9BBE8AEB3 /* CoreLocation.framework in Frameworks */ = {isa = PBXBuildFile; fileRef = D76586595E4F4382A2D1C9BB /* CoreLocation.framework */; };
		BE792BA6B3B3400FA52191A4 /* Diagnostic_Camera.m in Sources */ = {isa = PBXBuildFile; fileRef = B16C6EA74E4346DFA96CB314 /* Diagnostic_Camera.m */; };
		C879C41860764F9C841EEB64 /* Diagnostic_Location.m in Sources */ = {isa = PBXBuildFile; fileRef = ECC6585C1979467484BFA1A9 /* Diagnostic_Location.m */; };
		C9EFB904140D4BF886E96DAB /* Diagnostic_Bluetooth.m in Sources */ = {isa = PBXBuildFile; fileRef = 5A9E73DBF5F1452CACB8BD0A /* Diagnostic_Bluetooth.m */; };
		CAF77B1A856E4268A1E52E26 /* Contacts.framework in Frameworks */ = {isa = PBXBuildFile; fileRef = 683A4A1F60724C2BA41A3B0B /* Contacts.framework */; };
		D37BC8AA919E4606B3E41EB6 /* Diagnostic.m in Sources */ = {isa = PBXBuildFile; fileRef = 283EDDB620384D0F8AB6EB7E /* Diagnostic.m */; };
		E3B5D39C4E0141A1B032B6C9 /* AddressBook.framework in Frameworks */ = {isa = PBXBuildFile; fileRef = 8FD86FF538F441598ACFE63F /* AddressBook.framework */; };
/* End PBXBuildFile section */

/* Begin PBXContainerItemProxy section */
		301BF534109A57CC0062928A /* PBXContainerItemProxy */ = {
			isa = PBXContainerItemProxy;
			containerPortal = 301BF52D109A57CC0062928A /* CordovaLib.xcodeproj */;
			proxyType = 2;
			remoteGlobalIDString = D2AAC07E0554694100DB518D;
			remoteInfo = CordovaLib;
		};
		301BF550109A68C00062928A /* PBXContainerItemProxy */ = {
			isa = PBXContainerItemProxy;
			containerPortal = 301BF52D109A57CC0062928A /* CordovaLib.xcodeproj */;
			proxyType = 1;
			remoteGlobalIDString = D2AAC07D0554694100DB518D;
			remoteInfo = CordovaLib;
		};
		907D8123214C687600058A10 /* PBXContainerItemProxy */ = {
			isa = PBXContainerItemProxy;
			containerPortal = 301BF52D109A57CC0062928A /* CordovaLib.xcodeproj */;
			proxyType = 2;
			remoteGlobalIDString = C0C01EB21E3911D50056E6CB;
			remoteInfo = Cordova;
		};
/* End PBXContainerItemProxy section */

/* Begin PBXFileReference section */
		0148A3A0CDD95DFF64A3AA4A /* Pods-CordovaIntegrationTestApp.debug.xcconfig */ = {isa = PBXFileReference; includeInIndex = 1; lastKnownFileType = text.xcconfig; name = "Pods-CordovaIntegrationTestApp.debug.xcconfig"; path = "Target Support Files/Pods-CordovaIntegrationTestApp/Pods-CordovaIntegrationTestApp.debug.xcconfig"; sourceTree = "<group>"; };
		0207DA571B56EA530066E2B4 /* Images.xcassets */ = {isa = PBXFileReference; lastKnownFileType = folder.assetcatalog; name = Images.xcassets; path = CordovaIntegrationTestApp/Images.xcassets; sourceTree = SOURCE_ROOT; };
		05FCEB65FB9641D3B67769B3 /* Diagnostic_Camera.h */ = {isa = PBXFileReference; explicitFileType = undefined; fileEncoding = 4; includeInIndex = 0; lastKnownFileType = sourcecode.c.h; name = Diagnostic_Camera.h; path = cordova.plugins.diagnostic/Diagnostic_Camera.h; sourceTree = "<group>"; };
		061BCDB0A4F1429B8C8B724E /* Diagnostic_Microphone.m */ = {isa = PBXFileReference; explicitFileType = undefined; fileEncoding = 4; includeInIndex = 0; lastKnownFileType = sourcecode.c.objc; name = Diagnostic_Microphone.m; path = cordova.plugins.diagnostic/Diagnostic_Microphone.m; sourceTree = "<group>"; };
		06F48498455F4AF1AAA2C8BD /* Diagnostic_Wifi.m */ = {isa = PBXFileReference; explicitFileType = undefined; fileEncoding = 4; includeInIndex = 0; lastKnownFileType = sourcecode.c.objc; name = Diagnostic_Wifi.m; path = cordova.plugins.diagnostic/Diagnostic_Wifi.m; sourceTree = "<group>"; };
		079E3D636AFE4844B07D58F4 /* Diagnostic_Calendar.h */ = {isa = PBXFileReference; explicitFileType = undefined; fileEncoding = 4; includeInIndex = 0; lastKnownFileType = sourcecode.c.h; name = Diagnostic_Calendar.h; path = cordova.plugins.diagnostic/Diagnostic_Calendar.h; sourceTree = "<group>"; };
		0EE61FB1B9D9433F84E8003A /* Diagnostic_Motion.h */ = {isa = PBXFileReference; explicitFileType = undefined; fileEncoding = 4; includeInIndex = 0; lastKnownFileType = sourcecode.c.h; name = Diagnostic_Motion.h; path = cordova.plugins.diagnostic/Diagnostic_Motion.h; sourceTree = "<group>"; };
		1D3623240D0F684500981E51 /* AppDelegate.h */ = {isa = PBXFileReference; fileEncoding = 4; lastKnownFileType = sourcecode.c.h; path = AppDelegate.h; sourceTree = "<group>"; };
		1D3623250D0F684500981E51 /* AppDelegate.m */ = {isa = PBXFileReference; fileEncoding = 4; lastKnownFileType = sourcecode.c.objc; path = AppDelegate.m; sourceTree = "<group>"; };
		1D6058910D05DD3D006BFB54 /* CordovaIntegrationTestApp.app */ = {isa = PBXFileReference; explicitFileType = wrapper.application; includeInIndex = 0; path = CordovaIntegrationTestApp.app; sourceTree = BUILT_PRODUCTS_DIR; };
		24E57D0EC87740008474ECD6 /* AVFoundation.framework */ = {isa = PBXFileReference; explicitFileType = undefined; fileEncoding = undefined; includeInIndex = 0; lastKnownFileType = wrapper.framework; name = AVFoundation.framework; path = System/Library/Frameworks/AVFoundation.framework; sourceTree = SDKROOT; };
		275157D5D43F42249BB93406 /* ColocatorWrapper.swift */ = {isa = PBXFileReference; explicitFileType = undefined; fileEncoding = 4; includeInIndex = 0; lastKnownFileType = sourcecode.swift; name = ColocatorWrapper.swift; path = com.crowdconnected.colocator.cordovaplugin/ColocatorWrapper.swift; sourceTree = "<group>"; };
		27AF535AC9FF47F1A42FEF95 /* Photos.framework */ = {isa = PBXFileReference; explicitFileType = undefined; fileEncoding = undefined; includeInIndex = 0; lastKnownFileType = wrapper.framework; name = Photos.framework; path = System/Library/Frameworks/Photos.framework; sourceTree = SDKROOT; };
		283EDDB620384D0F8AB6EB7E /* Diagnostic.m */ = {isa = PBXFileReference; explicitFileType = undefined; fileEncoding = 4; includeInIndex = 0; lastKnownFileType = sourcecode.c.objc; name = Diagnostic.m; path = cordova.plugins.diagnostic/Diagnostic.m; sourceTree = "<group>"; };
		29B97316FDCFA39411CA2CEA /* main.m */ = {isa = PBXFileReference; fileEncoding = 4; lastKnownFileType = sourcecode.c.objc; path = main.m; sourceTree = "<group>"; };
		301BF52D109A57CC0062928A /* CordovaLib.xcodeproj */ = {isa = PBXFileReference; lastKnownFileType = "wrapper.pb-project"; name = CordovaLib.xcodeproj; path = CordovaLib/CordovaLib.xcodeproj; sourceTree = "<group>"; };
		301BF56E109A69640062928A /* www */ = {isa = PBXFileReference; lastKnownFileType = folder; path = www; sourceTree = SOURCE_ROOT; };
		302D95EE14D2391D003F00A1 /* MainViewController.h */ = {isa = PBXFileReference; fileEncoding = 4; lastKnownFileType = sourcecode.c.h; path = MainViewController.h; sourceTree = "<group>"; };
		302D95EF14D2391D003F00A1 /* MainViewController.m */ = {isa = PBXFileReference; fileEncoding = 4; lastKnownFileType = sourcecode.c.objc; path = MainViewController.m; sourceTree = "<group>"; };
		302D95F014D2391D003F00A1 /* MainViewController.xib */ = {isa = PBXFileReference; fileEncoding = 4; lastKnownFileType = file.xib; path = MainViewController.xib; sourceTree = "<group>"; };
		3047A50F1AB8059700498E2A /* build-debug.xcconfig */ = {isa = PBXFileReference; fileEncoding = 4; lastKnownFileType = text.xcconfig; name = "build-debug.xcconfig"; path = "cordova/build-debug.xcconfig"; sourceTree = SOURCE_ROOT; };
		3047A5101AB8059700498E2A /* build-release.xcconfig */ = {isa = PBXFileReference; fileEncoding = 4; lastKnownFileType = text.xcconfig; name = "build-release.xcconfig"; path = "cordova/build-release.xcconfig"; sourceTree = SOURCE_ROOT; };
		3047A5111AB8059700498E2A /* build.xcconfig */ = {isa = PBXFileReference; fileEncoding = 4; lastKnownFileType = text.xcconfig; name = build.xcconfig; path = cordova/build.xcconfig; sourceTree = SOURCE_ROOT; };
		32CA4F630368D1EE00C91783 /* CordovaIntegrationTestApp-Prefix.pch */ = {isa = PBXFileReference; fileEncoding = 4; lastKnownFileType = sourcecode.c.h; path = "CordovaIntegrationTestApp-Prefix.pch"; sourceTree = "<group>"; };
		37B70F2B49FD4534B2FD735C /* Diagnostic.h */ = {isa = PBXFileReference; explicitFileType = undefined; fileEncoding = 4; includeInIndex = 0; lastKnownFileType = sourcecode.c.h; name = Diagnostic.h; path = cordova.plugins.diagnostic/Diagnostic.h; sourceTree = "<group>"; };
		3D1B952C1464447B9CE22D00 /* CoreMotion.framework */ = {isa = PBXFileReference; explicitFileType = undefined; fileEncoding = undefined; includeInIndex = 0; lastKnownFileType = wrapper.framework; name = CoreMotion.framework; path = System/Library/Frameworks/CoreMotion.framework; sourceTree = SDKROOT; };
		45B9FBC2313E48BA8CD1D948 /* Diagnostic_Bluetooth.h */ = {isa = PBXFileReference; explicitFileType = undefined; fileEncoding = 4; includeInIndex = 0; lastKnownFileType = sourcecode.c.h; name = Diagnostic_Bluetooth.h; path = cordova.plugins.diagnostic/Diagnostic_Bluetooth.h; sourceTree = "<group>"; };
		5757FC0A027A46CE893D66F3 /* Diagnostic_Reminders.h */ = {isa = PBXFileReference; explicitFileType = undefined; fileEncoding = 4; includeInIndex = 0; lastKnownFileType = sourcecode.c.h; name = Diagnostic_Reminders.h; path = cordova.plugins.diagnostic/Diagnostic_Reminders.h; sourceTree = "<group>"; };
		5A70749E3BD04011907B537C /* Diagnostic_Contacts.h */ = {isa = PBXFileReference; explicitFileType = undefined; fileEncoding = 4; includeInIndex = 0; lastKnownFileType = sourcecode.c.h; name = Diagnostic_Contacts.h; path = cordova.plugins.diagnostic/Diagnostic_Contacts.h; sourceTree = "<group>"; };
		5A9E73DBF5F1452CACB8BD0A /* Diagnostic_Bluetooth.m */ = {isa = PBXFileReference; explicitFileType = undefined; fileEncoding = 4; includeInIndex = 0; lastKnownFileType = sourcecode.c.objc; name = Diagnostic_Bluetooth.m; path = cordova.plugins.diagnostic/Diagnostic_Bluetooth.m; sourceTree = "<group>"; };
		683A4A1F60724C2BA41A3B0B /* Contacts.framework */ = {isa = PBXFileReference; explicitFileType = undefined; fileEncoding = undefined; includeInIndex = 0; lastKnownFileType = wrapper.framework; name = Contacts.framework; path = System/Library/Frameworks/Contacts.framework; sourceTree = SDKROOT; };
		6AFF5BF81D6E424B00AB3073 /* CDVLaunchScreen.storyboard */ = {isa = PBXFileReference; fileEncoding = 4; lastKnownFileType = file.storyboard; name = CDVLaunchScreen.storyboard; path = CordovaIntegrationTestApp/CDVLaunchScreen.storyboard; sourceTree = SOURCE_ROOT; };
		729FFCD1538B49D1B035E0B1 /* Diagnostic_Reminders.m */ = {isa = PBXFileReference; explicitFileType = undefined; fileEncoding = 4; includeInIndex = 0; lastKnownFileType = sourcecode.c.objc; name = Diagnostic_Reminders.m; path = cordova.plugins.diagnostic/Diagnostic_Reminders.m; sourceTree = "<group>"; };
		77CEF694E11848E2B180F468 /* Diagnostic_Notifications.h */ = {isa = PBXFileReference; explicitFileType = undefined; fileEncoding = 4; includeInIndex = 0; lastKnownFileType = sourcecode.c.h; name = Diagnostic_Notifications.h; path = cordova.plugins.diagnostic/Diagnostic_Notifications.h; sourceTree = "<group>"; };
		7855A3D46FBA4F2798124D8B /* EventKit.framework */ = {isa = PBXFileReference; explicitFileType = undefined; fileEncoding = undefined; includeInIndex = 0; lastKnownFileType = wrapper.framework; name = EventKit.framework; path = System/Library/Frameworks/EventKit.framework; sourceTree = SDKROOT; };
		8D0C7630E877445A8AED2F71 /* CoreBluetooth.framework */ = {isa = PBXFileReference; explicitFileType = undefined; fileEncoding = undefined; includeInIndex = 0; lastKnownFileType = wrapper.framework; name = CoreBluetooth.framework; path = System/Library/Frameworks/CoreBluetooth.framework; sourceTree = SDKROOT; };
		8D1107310486CEB800E47090 /* CordovaIntegrationTestApp-Info.plist */ = {isa = PBXFileReference; fileEncoding = 4; lastKnownFileType = text.plist.xml; name = "CordovaIntegrationTestApp-Info.plist"; path = "CordovaIntegrationTestApp/CordovaIntegrationTestApp-Info.plist"; plistStructureDefinitionIdentifier = "com.apple.xcode.plist.structure-definition.iphone.info-plist"; sourceTree = SOURCE_ROOT; };
		8EA3105C0E27476F890CA03C /* Diagnostic_Notifications.m */ = {isa = PBXFileReference; explicitFileType = undefined; fileEncoding = 4; includeInIndex = 0; lastKnownFileType = sourcecode.c.objc; name = Diagnostic_Notifications.m; path = cordova.plugins.diagnostic/Diagnostic_Notifications.m; sourceTree = "<group>"; };
		8FD86FF538F441598ACFE63F /* AddressBook.framework */ = {isa = PBXFileReference; explicitFileType = undefined; fileEncoding = undefined; includeInIndex = 0; lastKnownFileType = wrapper.framework; name = AddressBook.framework; path = System/Library/Frameworks/AddressBook.framework; sourceTree = SDKROOT; };
		967719F8EB074330843FA07D /* Diagnostic_Wifi.h */ = {isa = PBXFileReference; explicitFileType = undefined; fileEncoding = 4; includeInIndex = 0; lastKnownFileType = sourcecode.c.h; name = Diagnostic_Wifi.h; path = cordova.plugins.diagnostic/Diagnostic_Wifi.h; sourceTree = "<group>"; };
		98A58ACCFEA24C76BC30C76A /* Diagnostic_Location.h */ = {isa = PBXFileReference; explicitFileType = undefined; fileEncoding = 4; includeInIndex = 0; lastKnownFileType = sourcecode.c.h; name = Diagnostic_Location.h; path = cordova.plugins.diagnostic/Diagnostic_Location.h; sourceTree = "<group>"; };
		9BF6C0239A244EA29D7AF188 /* Diagnostic_Motion.m */ = {isa = PBXFileReference; explicitFileType = undefined; fileEncoding = 4; includeInIndex = 0; lastKnownFileType = sourcecode.c.objc; name = Diagnostic_Motion.m; path = cordova.plugins.diagnostic/Diagnostic_Motion.m; sourceTree = "<group>"; };
		9C4A30F9BFD34272B0F9ABA2 /* Diagnostic_Calendar.m */ = {isa = PBXFileReference; explicitFileType = undefined; fileEncoding = 4; includeInIndex = 0; lastKnownFileType = sourcecode.c.objc; name = Diagnostic_Calendar.m; path = cordova.plugins.diagnostic/Diagnostic_Calendar.m; sourceTree = "<group>"; };
		B16C6EA74E4346DFA96CB314 /* Diagnostic_Camera.m */ = {isa = PBXFileReference; explicitFileType = undefined; fileEncoding = 4; includeInIndex = 0; lastKnownFileType = sourcecode.c.objc; name = Diagnostic_Camera.m; path = cordova.plugins.diagnostic/Diagnostic_Camera.m; sourceTree = "<group>"; };
		C7F7AA9129CD4E55B0E161E1 /* UserNotifications.framework */ = {isa = PBXFileReference; explicitFileType = undefined; fileEncoding = undefined; includeInIndex = 0; lastKnownFileType = wrapper.framework; name = UserNotifications.framework; path = System/Library/Frameworks/UserNotifications.framework; sourceTree = SDKROOT; };
		D06D71B2499E4BE2BF120204 /* Diagnostic_Contacts.m */ = {isa = PBXFileReference; explicitFileType = undefined; fileEncoding = 4; includeInIndex = 0; lastKnownFileType = sourcecode.c.objc; name = Diagnostic_Contacts.m; path = cordova.plugins.diagnostic/Diagnostic_Contacts.m; sourceTree = "<group>"; };
		D76586595E4F4382A2D1C9BB /* CoreLocation.framework */ = {isa = PBXFileReference; explicitFileType = undefined; fileEncoding = undefined; includeInIndex = 0; lastKnownFileType = wrapper.framework; name = CoreLocation.framework; path = System/Library/Frameworks/CoreLocation.framework; sourceTree = SDKROOT; };
		E5F68AEA068C38280D400F6C /* Pods-CordovaIntegrationTestApp.release.xcconfig */ = {isa = PBXFileReference; includeInIndex = 1; lastKnownFileType = text.xcconfig; name = "Pods-CordovaIntegrationTestApp.release.xcconfig"; path = "Target Support Files/Pods-CordovaIntegrationTestApp/Pods-CordovaIntegrationTestApp.release.xcconfig"; sourceTree = "<group>"; };
		EB87FDF31871DA8E0020F90C /* www */ = {isa = PBXFileReference; lastKnownFileType = folder; name = www; path = ../../www; sourceTree = "<group>"; };
		EB87FDF41871DAF40020F90C /* config.xml */ = {isa = PBXFileReference; lastKnownFileType = text.xml; name = config.xml; path = ../../config.xml; sourceTree = "<group>"; };
		ECC6585C1979467484BFA1A9 /* Diagnostic_Location.m */ = {isa = PBXFileReference; explicitFileType = undefined; fileEncoding = 4; includeInIndex = 0; lastKnownFileType = sourcecode.c.objc; name = Diagnostic_Location.m; path = cordova.plugins.diagnostic/Diagnostic_Location.m; sourceTree = "<group>"; };
		ED33DF2A687741AEAF9F8254 /* Bridging-Header.h */ = {isa = PBXFileReference; fileEncoding = 4; lastKnownFileType = sourcecode.c.h; path = "Bridging-Header.h"; sourceTree = "<group>"; };
		F5BFF4AF11BFD27E804FABCC /* Pods_CordovaIntegrationTestApp.framework */ = {isa = PBXFileReference; explicitFileType = wrapper.framework; includeInIndex = 0; path = Pods_CordovaIntegrationTestApp.framework; sourceTree = BUILT_PRODUCTS_DIR; };
		F7F8777FD1414AA0A41B0358 /* Diagnostic_Microphone.h */ = {isa = PBXFileReference; explicitFileType = undefined; fileEncoding = 4; includeInIndex = 0; lastKnownFileType = sourcecode.c.h; name = Diagnostic_Microphone.h; path = cordova.plugins.diagnostic/Diagnostic_Microphone.h; sourceTree = "<group>"; };
		F840E1F0165FE0F500CFE078 /* config.xml */ = {isa = PBXFileReference; lastKnownFileType = text.xml; name = config.xml; path = CordovaIntegrationTestApp/config.xml; sourceTree = "<group>"; };
/* End PBXFileReference section */

/* Begin PBXFrameworksBuildPhase section */
		1D60588F0D05DD3D006BFB54 /* Frameworks */ = {
			isa = PBXFrameworksBuildPhase;
			buildActionMask = 2147483647;
			files = (
				301BF552109A68D80062928A /* libCordova.a in Frameworks */,
				B7AA7067824A49A9BBE8AEB3 /* CoreLocation.framework in Frameworks */,
				B5622C30D12D4FBABAB47ADE /* CoreBluetooth.framework in Frameworks */,
				227390F0CCA94B38B71EBB21 /* Photos.framework in Frameworks */,
				92686B4068D6409FB0CAA0B9 /* AVFoundation.framework in Frameworks */,
				1286AE020ACE496CA5C90F9B /* UserNotifications.framework in Frameworks */,
				CAF77B1A856E4268A1E52E26 /* Contacts.framework in Frameworks */,
				E3B5D39C4E0141A1B032B6C9 /* AddressBook.framework in Frameworks */,
				094EE346B28E4DDABF124547 /* EventKit.framework in Frameworks */,
				08735CCDFC1D416BA7DB9D4A /* CoreMotion.framework in Frameworks */,
				34DB318DC2E9BE443E0476BC /* Pods_CordovaIntegrationTestApp.framework in Frameworks */,
			);
			runOnlyForDeploymentPostprocessing = 0;
		};
/* End PBXFrameworksBuildPhase section */

/* Begin PBXGroup section */
		080E96DDFE201D6D7F000001 /* Classes */ = {
			isa = PBXGroup;
			children = (
				302D95EE14D2391D003F00A1 /* MainViewController.h */,
				302D95EF14D2391D003F00A1 /* MainViewController.m */,
				302D95F014D2391D003F00A1 /* MainViewController.xib */,
				1D3623240D0F684500981E51 /* AppDelegate.h */,
				1D3623250D0F684500981E51 /* AppDelegate.m */,
			);
			name = Classes;
			path = CordovaIntegrationTestApp/Classes;
			sourceTree = SOURCE_ROOT;
		};
		19C28FACFE9D520D11CA2CBB /* Products */ = {
			isa = PBXGroup;
			children = (
				1D6058910D05DD3D006BFB54 /* CordovaIntegrationTestApp.app */,
			);
			name = Products;
			sourceTree = "<group>";
		};
		29B97314FDCFA39411CA2CEA = {
			isa = PBXGroup;
			children = (
				EB87FDF41871DAF40020F90C /* config.xml */,
				EB87FDF31871DA8E0020F90C /* www */,
				EB87FDF11871DA420020F90C /* Staging */,
				301BF52D109A57CC0062928A /* CordovaLib.xcodeproj */,
				080E96DDFE201D6D7F000001 /* Classes */,
				307C750510C5A3420062BCA9 /* Plugins */,
				29B97315FDCFA39411CA2CEA /* Other Sources */,
				29B97317FDCFA39411CA2CEA /* Resources */,
				29B97323FDCFA39411CA2CEA /* Frameworks */,
				19C28FACFE9D520D11CA2CBB /* Products */,
				A8766CB456B406C0F7FBAFAF /* Pods */,
			);
			name = CustomTemplate;
			sourceTree = "<group>";
		};
		29B97315FDCFA39411CA2CEA /* Other Sources */ = {
			isa = PBXGroup;
			children = (
				32CA4F630368D1EE00C91783 /* CordovaIntegrationTestApp-Prefix.pch */,
				29B97316FDCFA39411CA2CEA /* main.m */,
				ED33DF2A687741AEAF9F8254 /* Bridging-Header.h */,
			);
			name = "Other Sources";
			path = CordovaIntegrationTestApp;
			sourceTree = "<group>";
		};
		29B97317FDCFA39411CA2CEA /* Resources */ = {
			isa = PBXGroup;
			children = (
				0207DA571B56EA530066E2B4 /* Images.xcassets */,
				3047A50E1AB8057F00498E2A /* config */,
				8D1107310486CEB800E47090 /* CordovaIntegrationTestApp-Info.plist */,
				6AFF5BF81D6E424B00AB3073 /* CDVLaunchScreen.storyboard */,
			);
			name = Resources;
			path = CordovaIntegrationTestApp/Resources;
			sourceTree = "<group>";
		};
		29B97323FDCFA39411CA2CEA /* Frameworks */ = {
			isa = PBXGroup;
			children = (
				D76586595E4F4382A2D1C9BB /* CoreLocation.framework */,
				8D0C7630E877445A8AED2F71 /* CoreBluetooth.framework */,
				27AF535AC9FF47F1A42FEF95 /* Photos.framework */,
				24E57D0EC87740008474ECD6 /* AVFoundation.framework */,
				C7F7AA9129CD4E55B0E161E1 /* UserNotifications.framework */,
				683A4A1F60724C2BA41A3B0B /* Contacts.framework */,
				8FD86FF538F441598ACFE63F /* AddressBook.framework */,
				7855A3D46FBA4F2798124D8B /* EventKit.framework */,
				3D1B952C1464447B9CE22D00 /* CoreMotion.framework */,
				F5BFF4AF11BFD27E804FABCC /* Pods_CordovaIntegrationTestApp.framework */,
			);
			name = Frameworks;
			sourceTree = "<group>";
		};
		301BF52E109A57CC0062928A /* Products */ = {
			isa = PBXGroup;
			children = (
				301BF535109A57CC0062928A /* libCordova.a */,
				907D8124214C687600058A10 /* Cordova.framework */,
			);
			name = Products;
			sourceTree = "<group>";
		};
		3047A50E1AB8057F00498E2A /* config */ = {
			isa = PBXGroup;
			children = (
				3047A50F1AB8059700498E2A /* build-debug.xcconfig */,
				3047A5101AB8059700498E2A /* build-release.xcconfig */,
				3047A5111AB8059700498E2A /* build.xcconfig */,
			);
			name = config;
			sourceTree = "<group>";
		};
		307C750510C5A3420062BCA9 /* Plugins */ = {
			isa = PBXGroup;
			children = (
				283EDDB620384D0F8AB6EB7E /* Diagnostic.m */,
				ECC6585C1979467484BFA1A9 /* Diagnostic_Location.m */,
				5A9E73DBF5F1452CACB8BD0A /* Diagnostic_Bluetooth.m */,
				06F48498455F4AF1AAA2C8BD /* Diagnostic_Wifi.m */,
				B16C6EA74E4346DFA96CB314 /* Diagnostic_Camera.m */,
				8EA3105C0E27476F890CA03C /* Diagnostic_Notifications.m */,
				061BCDB0A4F1429B8C8B724E /* Diagnostic_Microphone.m */,
				D06D71B2499E4BE2BF120204 /* Diagnostic_Contacts.m */,
				9C4A30F9BFD34272B0F9ABA2 /* Diagnostic_Calendar.m */,
				729FFCD1538B49D1B035E0B1 /* Diagnostic_Reminders.m */,
				9BF6C0239A244EA29D7AF188 /* Diagnostic_Motion.m */,
				37B70F2B49FD4534B2FD735C /* Diagnostic.h */,
				98A58ACCFEA24C76BC30C76A /* Diagnostic_Location.h */,
				45B9FBC2313E48BA8CD1D948 /* Diagnostic_Bluetooth.h */,
				967719F8EB074330843FA07D /* Diagnostic_Wifi.h */,
				05FCEB65FB9641D3B67769B3 /* Diagnostic_Camera.h */,
				77CEF694E11848E2B180F468 /* Diagnostic_Notifications.h */,
				F7F8777FD1414AA0A41B0358 /* Diagnostic_Microphone.h */,
				5A70749E3BD04011907B537C /* Diagnostic_Contacts.h */,
				079E3D636AFE4844B07D58F4 /* Diagnostic_Calendar.h */,
				5757FC0A027A46CE893D66F3 /* Diagnostic_Reminders.h */,
				0EE61FB1B9D9433F84E8003A /* Diagnostic_Motion.h */,
				275157D5D43F42249BB93406 /* ColocatorWrapper.swift */,
			);
			name = Plugins;
			path = CordovaIntegrationTestApp/Plugins;
			sourceTree = SOURCE_ROOT;
		};
		A8766CB456B406C0F7FBAFAF /* Pods */ = {
			isa = PBXGroup;
			children = (
				0148A3A0CDD95DFF64A3AA4A /* Pods-CordovaIntegrationTestApp.debug.xcconfig */,
				E5F68AEA068C38280D400F6C /* Pods-CordovaIntegrationTestApp.release.xcconfig */,
			);
			path = Pods;
			sourceTree = "<group>";
		};
		EB87FDF11871DA420020F90C /* Staging */ = {
			isa = PBXGroup;
			children = (
				F840E1F0165FE0F500CFE078 /* config.xml */,
				301BF56E109A69640062928A /* www */,
			);
			name = Staging;
			sourceTree = "<group>";
		};
/* End PBXGroup section */

/* Begin PBXNativeTarget section */
		1D6058900D05DD3D006BFB54 /* CordovaIntegrationTestApp */ = {
			isa = PBXNativeTarget;
			buildConfigurationList = 1D6058960D05DD3E006BFB54 /* Build configuration list for PBXNativeTarget "CordovaIntegrationTestApp" */;
			buildPhases = (
				8F3EA058C93ABB1AB0EBF264 /* [CP] Check Pods Manifest.lock */,
				304B58A110DAC018002A0835 /* Copy www directory */,
				1D60588D0D05DD3D006BFB54 /* Resources */,
				1D60588E0D05DD3D006BFB54 /* Sources */,
				1D60588F0D05DD3D006BFB54 /* Frameworks */,
				9E1BD3B7A7154F969ED95B27 /* [CP] Embed Pods Frameworks */,
			);
			buildRules = (
			);
			dependencies = (
				301BF551109A68C00062928A /* PBXTargetDependency */,
			);
			name = CordovaIntegrationTestApp;
			productName = CordovaIntegrationTestApp;
			productReference = 1D6058910D05DD3D006BFB54 /* CordovaIntegrationTestApp.app */;
			productType = "com.apple.product-type.application";
		};
/* End PBXNativeTarget section */

/* Begin PBXProject section */
		29B97313FDCFA39411CA2CEA /* Project object */ = {
			isa = PBXProject;
			attributes = {
				LastUpgradeCheck = 510;
				TargetAttributes = {
					1D6058900D05DD3D006BFB54 = {
						DevelopmentTeam = 67K9GDZYLG;
						ProvisioningStyle = Automatic;
					};
				};
			};
			buildConfigurationList = C01FCF4E08A954540054247B /* Build configuration list for PBXProject "CordovaIntegrationTestApp" */;
			compatibilityVersion = "Xcode 3.2";
			developmentRegion = English;
			hasScannedForEncodings = 1;
			knownRegions = (
				English,
				en,
				Base,
			);
			mainGroup = 29B97314FDCFA39411CA2CEA;
			productRefGroup = 19C28FACFE9D520D11CA2CBB /* Products */;
			projectDirPath = "";
			projectReferences = (
				{
					ProductGroup = 301BF52E109A57CC0062928A /* Products */;
					ProjectRef = 301BF52D109A57CC0062928A /* CordovaLib.xcodeproj */;
				},
			);
			projectRoot = "";
			targets = (
				1D6058900D05DD3D006BFB54 /* CordovaIntegrationTestApp */,
			);
		};
/* End PBXProject section */

/* Begin PBXReferenceProxy section */
		301BF535109A57CC0062928A /* libCordova.a */ = {
			isa = PBXReferenceProxy;
			fileType = archive.ar;
			path = libCordova.a;
			remoteRef = 301BF534109A57CC0062928A /* PBXContainerItemProxy */;
			sourceTree = BUILT_PRODUCTS_DIR;
		};
		907D8124214C687600058A10 /* Cordova.framework */ = {
			isa = PBXReferenceProxy;
			fileType = wrapper.framework;
			path = Cordova.framework;
			remoteRef = 907D8123214C687600058A10 /* PBXContainerItemProxy */;
			sourceTree = BUILT_PRODUCTS_DIR;
		};
/* End PBXReferenceProxy section */

/* Begin PBXResourcesBuildPhase section */
		1D60588D0D05DD3D006BFB54 /* Resources */ = {
			isa = PBXResourcesBuildPhase;
			buildActionMask = 2147483647;
			files = (
				302D95F214D2391D003F00A1 /* MainViewController.xib in Resources */,
				0207DA581B56EA530066E2B4 /* Images.xcassets in Resources */,
				6AFF5BF91D6E424B00AB3073 /* CDVLaunchScreen.storyboard in Resources */,
			);
			runOnlyForDeploymentPostprocessing = 0;
		};
/* End PBXResourcesBuildPhase section */

/* Begin PBXShellScriptBuildPhase section */
		304B58A110DAC018002A0835 /* Copy www directory */ = {
			isa = PBXShellScriptBuildPhase;
			buildActionMask = 2147483647;
			files = (
			);
			inputPaths = (
			);
			name = "Copy www directory";
			outputPaths = (
			);
			runOnlyForDeploymentPostprocessing = 0;
			shellPath = /bin/sh;
			shellScript = "\"$SRCROOT/CordovaIntegrationTestApp/Scripts/copy-www-build-step.sh\"";
			showEnvVarsInLog = 0;
		};
		8F3EA058C93ABB1AB0EBF264 /* [CP] Check Pods Manifest.lock */ = {
			isa = PBXShellScriptBuildPhase;
			buildActionMask = 2147483647;
			files = (
			);
			inputFileListPaths = (
			);
			inputPaths = (
				"${PODS_PODFILE_DIR_PATH}/Podfile.lock",
				"${PODS_ROOT}/Manifest.lock",
			);
			name = "[CP] Check Pods Manifest.lock";
			outputFileListPaths = (
			);
			outputPaths = (
				"$(DERIVED_FILE_DIR)/Pods-CordovaIntegrationTestApp-checkManifestLockResult.txt",
			);
			runOnlyForDeploymentPostprocessing = 0;
			shellPath = /bin/sh;
			shellScript = "diff \"${PODS_PODFILE_DIR_PATH}/Podfile.lock\" \"${PODS_ROOT}/Manifest.lock\" > /dev/null\nif [ $? != 0 ] ; then\n    # print error to STDERR\n    echo \"error: The sandbox is not in sync with the Podfile.lock. Run 'pod install' or update your CocoaPods installation.\" >&2\n    exit 1\nfi\n# This output is used by Xcode 'outputs' to avoid re-running this script phase.\necho \"SUCCESS\" > \"${SCRIPT_OUTPUT_FILE_0}\"\n";
			showEnvVarsInLog = 0;
		};
		9E1BD3B7A7154F969ED95B27 /* [CP] Embed Pods Frameworks */ = {
			isa = PBXShellScriptBuildPhase;
			buildActionMask = 2147483647;
			files = (
			);
			inputPaths = (
				"${PODS_ROOT}/Target Support Files/Pods-CordovaIntegrationTestApp/Pods-CordovaIntegrationTestApp-frameworks.sh",
				"${BUILT_PRODUCTS_DIR}/CCLocation/CCLocation.framework",
				"${BUILT_PRODUCTS_DIR}/ReSwift/ReSwift.framework",
				"${BUILT_PRODUCTS_DIR}/SocketRocket/SocketRocket.framework",
				"${BUILT_PRODUCTS_DIR}/SwiftProtobuf/SwiftProtobuf.framework",
				"${BUILT_PRODUCTS_DIR}/TrueTime/TrueTime.framework",
			);
			name = "[CP] Embed Pods Frameworks";
			outputPaths = (
				"${TARGET_BUILD_DIR}/${FRAMEWORKS_FOLDER_PATH}/CCLocation.framework",
				"${TARGET_BUILD_DIR}/${FRAMEWORKS_FOLDER_PATH}/ReSwift.framework",
				"${TARGET_BUILD_DIR}/${FRAMEWORKS_FOLDER_PATH}/SocketRocket.framework",
				"${TARGET_BUILD_DIR}/${FRAMEWORKS_FOLDER_PATH}/SwiftProtobuf.framework",
				"${TARGET_BUILD_DIR}/${FRAMEWORKS_FOLDER_PATH}/TrueTime.framework",
			);
			runOnlyForDeploymentPostprocessing = 0;
			shellPath = /bin/sh;
			shellScript = "\"${PODS_ROOT}/Target Support Files/Pods-CordovaIntegrationTestApp/Pods-CordovaIntegrationTestApp-frameworks.sh\"\n";
			showEnvVarsInLog = 0;
		};
/* End PBXShellScriptBuildPhase section */

/* Begin PBXSourcesBuildPhase section */
		1D60588E0D05DD3D006BFB54 /* Sources */ = {
			isa = PBXSourcesBuildPhase;
			buildActionMask = 2147483647;
			files = (
				1D60589B0D05DD56006BFB54 /* main.m in Sources */,
				1D3623260D0F684500981E51 /* AppDelegate.m in Sources */,
				302D95F114D2391D003F00A1 /* MainViewController.m in Sources */,
				D37BC8AA919E4606B3E41EB6 /* Diagnostic.m in Sources */,
				C879C41860764F9C841EEB64 /* Diagnostic_Location.m in Sources */,
				C9EFB904140D4BF886E96DAB /* Diagnostic_Bluetooth.m in Sources */,
				54C676EB2C5F4DA2B52AB156 /* Diagnostic_Wifi.m in Sources */,
				BE792BA6B3B3400FA52191A4 /* Diagnostic_Camera.m in Sources */,
				17405030615041D48BB622C4 /* Diagnostic_Notifications.m in Sources */,
				A3837E03CF3849DCA449D97A /* Diagnostic_Microphone.m in Sources */,
				19F1078D2367442F8CF2E89E /* Diagnostic_Contacts.m in Sources */,
				49CA72DABD2A423E82D1B7DD /* Diagnostic_Calendar.m in Sources */,
				8EBD803A39AC4BC1ABA04228 /* Diagnostic_Reminders.m in Sources */,
				730524BE0750423B8ABAFE94 /* Diagnostic_Motion.m in Sources */,
				5DD812D205604CCDBD32CEDD /* ColocatorWrapper.swift in Sources */,
			);
			runOnlyForDeploymentPostprocessing = 0;
		};
/* End PBXSourcesBuildPhase section */

/* Begin PBXTargetDependency section */
		301BF551109A68C00062928A /* PBXTargetDependency */ = {
			isa = PBXTargetDependency;
			name = CordovaLib;
			targetProxy = 301BF550109A68C00062928A /* PBXContainerItemProxy */;
		};
/* End PBXTargetDependency section */

/* Begin XCBuildConfiguration section */
		1D6058940D05DD3E006BFB54 /* Debug */ = {
			isa = XCBuildConfiguration;
			baseConfigurationReference = 3047A50F1AB8059700498E2A /* build-debug.xcconfig */;
			buildSettings = {
				ALWAYS_SEARCH_USER_PATHS = NO;
				ASSETCATALOG_COMPILER_APPICON_NAME = AppIcon;
				ASSETCATALOG_COMPILER_LAUNCHIMAGE_NAME = LaunchImage;
				CLANG_ENABLE_MODULES = YES;
				CLANG_ENABLE_OBJC_ARC = YES;
				COPY_PHASE_STRIP = NO;
				DEVELOPMENT_TEAM = 67K9GDZYLG;
				GCC_DYNAMIC_NO_PIC = NO;
				GCC_OPTIMIZATION_LEVEL = 0;
				GCC_PRECOMPILE_PREFIX_HEADER = YES;
				GCC_PREFIX_HEADER = "CordovaIntegrationTestApp/CordovaIntegrationTestApp-Prefix.pch";
				GCC_THUMB_SUPPORT = NO;
				GCC_VERSION = "";
				INFOPLIST_FILE = "CordovaIntegrationTestApp/CordovaIntegrationTestApp-Info.plist";
				IPHONEOS_DEPLOYMENT_TARGET = 10.0;
				LD_RUNPATH_SEARCH_PATHS = "@executable_path/Frameworks";
				PRODUCT_BUNDLE_IDENTIFIER = com.colocator.cordovaintegrationtestapp;
				PRODUCT_NAME = "$(TARGET_NAME)";
				SWIFT_VERSION = 4.2;
				TARGETED_DEVICE_FAMILY = "1,2";
			};
			name = Debug;
		};
		1D6058950D05DD3E006BFB54 /* Release */ = {
			isa = XCBuildConfiguration;
			baseConfigurationReference = 3047A5101AB8059700498E2A /* build-release.xcconfig */;
			buildSettings = {
				ALWAYS_SEARCH_USER_PATHS = NO;
				ASSETCATALOG_COMPILER_APPICON_NAME = AppIcon;
				ASSETCATALOG_COMPILER_LAUNCHIMAGE_NAME = LaunchImage;
				CLANG_ENABLE_MODULES = YES;
				CLANG_ENABLE_OBJC_ARC = YES;
				COPY_PHASE_STRIP = YES;
				DEVELOPMENT_TEAM = 67K9GDZYLG;
				GCC_PRECOMPILE_PREFIX_HEADER = YES;
				GCC_PREFIX_HEADER = "CordovaIntegrationTestApp/CordovaIntegrationTestApp-Prefix.pch";
				GCC_THUMB_SUPPORT = NO;
				GCC_VERSION = "";
				INFOPLIST_FILE = "CordovaIntegrationTestApp/CordovaIntegrationTestApp-Info.plist";
				IPHONEOS_DEPLOYMENT_TARGET = 10.0;
				LD_RUNPATH_SEARCH_PATHS = "@executable_path/Frameworks";
				PRODUCT_BUNDLE_IDENTIFIER = com.colocator.cordovaintegrationtestapp;
				PRODUCT_NAME = "$(TARGET_NAME)";
				SWIFT_VERSION = 4.2;
				TARGETED_DEVICE_FAMILY = "1,2";
			};
			name = Release;
		};
		C01FCF4F08A954540054247B /* Debug */ = {
			isa = XCBuildConfiguration;
			baseConfigurationReference = 3047A5111AB8059700498E2A /* build.xcconfig */;
			buildSettings = {
				CLANG_ENABLE_MODULES = YES;
				CLANG_ENABLE_OBJC_ARC = YES;
				CLANG_WARN_BLOCK_CAPTURE_AUTORELEASING = YES;
				CLANG_WARN_BOOL_CONVERSION = YES;
				CLANG_WARN_COMMA = YES;
				CLANG_WARN_CONSTANT_CONVERSION = YES;
				CLANG_WARN_DEPRECATED_OBJC_IMPLEMENTATIONS = YES;
				CLANG_WARN_EMPTY_BODY = YES;
				CLANG_WARN_ENUM_CONVERSION = YES;
				CLANG_WARN_INFINITE_RECURSION = YES;
				CLANG_WARN_INT_CONVERSION = YES;
				CLANG_WARN_NON_LITERAL_NULL_CONVERSION = YES;
				CLANG_WARN_OBJC_IMPLICIT_RETAIN_SELF = YES;
				CLANG_WARN_OBJC_LITERAL_CONVERSION = YES;
				CLANG_WARN_RANGE_LOOP_ANALYSIS = YES;
				CLANG_WARN_STRICT_PROTOTYPES = YES;
				CLANG_WARN_SUSPICIOUS_MOVE = YES;
				CLANG_WARN_UNREACHABLE_CODE = YES;
				CLANG_WARN__DUPLICATE_METHOD_MATCH = YES;
				ENABLE_STRICT_OBJC_MSGSEND = YES;
				ENABLE_TESTABILITY = YES;
				GCC_C_LANGUAGE_STANDARD = c99;
				GCC_NO_COMMON_BLOCKS = YES;
				GCC_THUMB_SUPPORT = NO;
				GCC_VERSION = "";
				GCC_WARN_64_TO_32_BIT_CONVERSION = YES;
				GCC_WARN_ABOUT_RETURN_TYPE = YES;
				GCC_WARN_UNDECLARED_SELECTOR = YES;
				GCC_WARN_UNINITIALIZED_AUTOS = YES;
				GCC_WARN_UNUSED_FUNCTION = YES;
				GCC_WARN_UNUSED_VARIABLE = YES;
				ONLY_ACTIVE_ARCH = YES;
				PRODUCT_BUNDLE_IDENTIFIER = com.colocator.cordovaintegrationtestapp;
				SDKROOT = iphoneos;
				SKIP_INSTALL = NO;
				WK_WEB_VIEW_ONLY = 0;
			};
			name = Debug;
		};
		C01FCF5008A954540054247B /* Release */ = {
			isa = XCBuildConfiguration;
			baseConfigurationReference = 3047A5111AB8059700498E2A /* build.xcconfig */;
			buildSettings = {
				CLANG_ENABLE_MODULES = YES;
				CLANG_ENABLE_OBJC_ARC = YES;
				CLANG_WARN_BLOCK_CAPTURE_AUTORELEASING = YES;
				CLANG_WARN_BOOL_CONVERSION = YES;
				CLANG_WARN_COMMA = YES;
				CLANG_WARN_CONSTANT_CONVERSION = YES;
				CLANG_WARN_DEPRECATED_OBJC_IMPLEMENTATIONS = YES;
				CLANG_WARN_EMPTY_BODY = YES;
				CLANG_WARN_ENUM_CONVERSION = YES;
				CLANG_WARN_INFINITE_RECURSION = YES;
				CLANG_WARN_INT_CONVERSION = YES;
				CLANG_WARN_NON_LITERAL_NULL_CONVERSION = YES;
				CLANG_WARN_OBJC_IMPLICIT_RETAIN_SELF = YES;
				CLANG_WARN_OBJC_LITERAL_CONVERSION = YES;
				CLANG_WARN_RANGE_LOOP_ANALYSIS = YES;
				CLANG_WARN_STRICT_PROTOTYPES = YES;
				CLANG_WARN_SUSPICIOUS_MOVE = YES;
				CLANG_WARN_UNREACHABLE_CODE = YES;
				CLANG_WARN__DUPLICATE_METHOD_MATCH = YES;
				ENABLE_STRICT_OBJC_MSGSEND = YES;
				GCC_C_LANGUAGE_STANDARD = c99;
				GCC_NO_COMMON_BLOCKS = YES;
				GCC_THUMB_SUPPORT = NO;
				GCC_VERSION = "";
				GCC_WARN_64_TO_32_BIT_CONVERSION = YES;
				GCC_WARN_ABOUT_RETURN_TYPE = YES;
				GCC_WARN_UNDECLARED_SELECTOR = YES;
				GCC_WARN_UNINITIALIZED_AUTOS = YES;
				GCC_WARN_UNUSED_FUNCTION = YES;
				GCC_WARN_UNUSED_VARIABLE = YES;
				PRODUCT_BUNDLE_IDENTIFIER = com.colocator.cordovaintegrationtestapp;
				SDKROOT = iphoneos;
				SKIP_INSTALL = NO;
				WK_WEB_VIEW_ONLY = 0;
			};
			name = Release;
		};
/* End XCBuildConfiguration section */

/* Begin XCConfigurationList section */
		1D6058960D05DD3E006BFB54 /* Build configuration list for PBXNativeTarget "CordovaIntegrationTestApp" */ = {
			isa = XCConfigurationList;
			buildConfigurations = (
				1D6058940D05DD3E006BFB54 /* Debug */,
				1D6058950D05DD3E006BFB54 /* Release */,
			);
			defaultConfigurationIsVisible = 0;
			defaultConfigurationName = Release;
		};
		C01FCF4E08A954540054247B /* Build configuration list for PBXProject "CordovaIntegrationTestApp" */ = {
			isa = XCConfigurationList;
			buildConfigurations = (
				C01FCF4F08A954540054247B /* Debug */,
				C01FCF5008A954540054247B /* Release */,
			);
			defaultConfigurationIsVisible = 0;
			defaultConfigurationName = Release;
		};
/* End XCConfigurationList section */
	};
	rootObject = 29B97313FDCFA39411CA2CEA /* Project object */;
}
