PODS:
  - CCLocation (2.7.0):
    - ReSwift (= 5.0.0)
    - SocketRocket (= 0.4.2)
    - SwiftProtobuf (= 1.6.0)
    - TrueTime (= 5.0.3)
  - ReSwift (5.0.0)
  - SocketRocket (0.4.2)
  - SwiftProtobuf (1.6.0)
  - TrueTime (5.0.3)

DEPENDENCIES:
  - CCLocation (~> 2.7.0)

SPEC REPOS:
  https://github.com/CocoaPods/Specs.git:
    - CCLocation
    - ReSwift
    - SocketRocket
    - SwiftProtobuf
    - TrueTime

SPEC CHECKSUMS:
  CCLocation: 640cd0b70db04079d3b32975a22a9369328c3267
  ReSwift: 628f1a9b3ee52e3b3ca2a644435472fd77afafe1
  SocketRocket: ffe08119b00ef982f6c37052a4705a057c8494ad
  SwiftProtobuf: e905ca1366405696411aaf174411c4b19c0ef73d
  TrueTime: b49551ffafb28a9dee04e51b226f42a416010842

PODFILE CHECKSUM: d9a2812304962769cb1ab8462a4870143a483d42

COCOAPODS: 1.9.3
